// !$*UTF8*$!
{
	archiveVersion = 1;
	classes = {
	};
	objectVersion = 77;
	objects = {

/* Begin PBXBuildFile section */
		1359F9C92EDF8A4300F133E0 /* Auth in Frameworks */ = {isa = PBXBuildFile; productRef = 1359F9C82EDF8A4300F133E0 /* Auth */; };
		1359F9CB2EDF8A4300F133E0 /* Functions in Frameworks */ = {isa = PBXBuildFile; productRef = 1359F9CA2EDF8A4300F133E0 /* Functions */; };
		1359F9CD2EDF8A4300F133E0 /* PostgREST in Frameworks */ = {isa = PBXBuildFile; productRef = 1359F9CC2EDF8A4300F133E0 /* PostgREST */; };
		1359F9CF2EDF8A4300F133E0 /* Realtime in Frameworks */ = {isa = PBXBuildFile; productRef = 1359F9CE2EDF8A4300F133E0 /* Realtime */; };
		1359F9D12EDF8A4300F133E0 /* Storage in Frameworks */ = {isa = PBXBuildFile; productRef = 1359F9D02EDF8A4300F133E0 /* Storage */; };
		1359F9D32EDF8A4300F133E0 /* Supabase in Frameworks */ = {isa = PBXBuildFile; productRef = 1359F9D22EDF8A4300F133E0 /* Supabase */; };
/* End PBXBuildFile section */

/* Begin PBXContainerItemProxy section */
		1359F9832EDDAC5400F133E0 /* PBXContainerItemProxy */ = {
			isa = PBXContainerItemProxy;
			containerPortal = 1359F96D2EDDAC5300F133E0 /* Project object */;
			proxyType = 1;
			remoteGlobalIDString = 1359F9742EDDAC5300F133E0;
			remoteInfo = Memories;
		};
		1359F98D2EDDAC5400F133E0 /* PBXContainerItemProxy */ = {
			isa = PBXContainerItemProxy;
			containerPortal = 1359F96D2EDDAC5300F133E0 /* Project object */;
			proxyType = 1;
			remoteGlobalIDString = 1359F9742EDDAC5300F133E0;
			remoteInfo = Memories;
		};
/* End PBXContainerItemProxy section */

/* Begin PBXFileReference section */
		1359F9752EDDAC5300F133E0 /* Memories.app */ = {isa = PBXFileReference; explicitFileType = wrapper.application; includeInIndex = 0; path = Memories.app; sourceTree = BUILT_PRODUCTS_DIR; };
		1359F9822EDDAC5400F133E0 /* MemoriesTests.xctest */ = {isa = PBXFileReference; explicitFileType = wrapper.cfbundle; includeInIndex = 0; path = MemoriesTests.xctest; sourceTree = BUILT_PRODUCTS_DIR; };
		1359F98C2EDDAC5400F133E0 /* MemoriesUITests.xctest */ = {isa = PBXFileReference; explicitFileType = wrapper.cfbundle; includeInIndex = 0; path = MemoriesUITests.xctest; sourceTree = BUILT_PRODUCTS_DIR; };
/* End PBXFileReference section */

/* Begin PBXFileSystemSynchronizedRootGroup section */
		1359F9772EDDAC5300F133E0 /* Memories */ = {
			isa = PBXFileSystemSynchronizedRootGroup;
			path = Memories;
			sourceTree = "<group>";
		};
		1359F9852EDDAC5400F133E0 /* MemoriesTests */ = {
			isa = PBXFileSystemSynchronizedRootGroup;
			path = MemoriesTests;
			sourceTree = "<group>";
		};
		1359F98F2EDDAC5400F133E0 /* MemoriesUITests */ = {
			isa = PBXFileSystemSynchronizedRootGroup;
			path = MemoriesUITests;
			sourceTree = "<group>";
		};
/* End PBXFileSystemSynchronizedRootGroup section */

/* Begin PBXFrameworksBuildPhase section */
		1359F9722EDDAC5300F133E0 /* Frameworks */ = {
			isa = PBXFrameworksBuildPhase;
			buildActionMask = 2147483647;
			files = (
				1359F9CD2EDF8A4300F133E0 /* PostgREST in Frameworks */,
				1359F9CB2EDF8A4300F133E0 /* Functions in Frameworks */,
				1359F9D32EDF8A4300F133E0 /* Supabase in Frameworks */,
				1359F9C92EDF8A4300F133E0 /* Auth in Frameworks */,
				1359F9D12EDF8A4300F133E0 /* Storage in Frameworks */,
				1359F9CF2EDF8A4300F133E0 /* Realtime in Frameworks */,
			);
			runOnlyForDeploymentPostprocessing = 0;
		};
		1359F97F2EDDAC5400F133E0 /* Frameworks */ = {
			isa = PBXFrameworksBuildPhase;
			buildActionMask = 2147483647;
			files = (
			);
			runOnlyForDeploymentPostprocessing = 0;
		};
		1359F9892EDDAC5400F133E0 /* Frameworks */ = {
			isa = PBXFrameworksBuildPhase;
			buildActionMask = 2147483647;
			files = (
			);
			runOnlyForDeploymentPostprocessing = 0;
		};
/* End PBXFrameworksBuildPhase section */

/* Begin PBXGroup section */
		1359F96C2EDDAC5300F133E0 = {
			isa = PBXGroup;
			children = (
				1359F9772EDDAC5300F133E0 /* Memories */,
				1359F9852EDDAC5400F133E0 /* MemoriesTests */,
				1359F98F2EDDAC5400F133E0 /* MemoriesUITests */,
				1359F9C72EDF8A4300F133E0 /* Frameworks */,
				1359F9762EDDAC5300F133E0 /* Products */,
			);
			sourceTree = "<group>";
		};
		1359F9762EDDAC5300F133E0 /* Products */ = {
			isa = PBXGroup;
			children = (
				1359F9752EDDAC5300F133E0 /* Memories.app */,
				1359F9822EDDAC5400F133E0 /* MemoriesTests.xctest */,
				1359F98C2EDDAC5400F133E0 /* MemoriesUITests.xctest */,
			);
			name = Products;
			sourceTree = "<group>";
		};
		1359F9C72EDF8A4300F133E0 /* Frameworks */ = {
			isa = PBXGroup;
			children = (
			);
			name = Frameworks;
			sourceTree = "<group>";
		};
/* End PBXGroup section */

/* Begin PBXNativeTarget section */
		1359F9742EDDAC5300F133E0 /* Memories */ = {
			isa = PBXNativeTarget;
			buildConfigurationList = 1359F9962EDDAC5400F133E0 /* Build configuration list for PBXNativeTarget "Memories" */;
			buildPhases = (
				1359F9712EDDAC5300F133E0 /* Sources */,
				1359F9722EDDAC5300F133E0 /* Frameworks */,
				1359F9732EDDAC5300F133E0 /* Resources */,
			);
			buildRules = (
			);
			dependencies = (
			);
			fileSystemSynchronizedGroups = (
				1359F9772EDDAC5300F133E0 /* Memories */,
			);
			name = Memories;
			packageProductDependencies = (
				1359F9C82EDF8A4300F133E0 /* Auth */,
				1359F9CA2EDF8A4300F133E0 /* Functions */,
				1359F9CC2EDF8A4300F133E0 /* PostgREST */,
				1359F9CE2EDF8A4300F133E0 /* Realtime */,
				1359F9D02EDF8A4300F133E0 /* Storage */,
				1359F9D22EDF8A4300F133E0 /* Supabase */,
			);
			productName = Memories;
			productReference = 1359F9752EDDAC5300F133E0 /* Memories.app */;
			productType = "com.apple.product-type.application";
		};
		1359F9812EDDAC5400F133E0 /* MemoriesTests */ = {
			isa = PBXNativeTarget;
			buildConfigurationList = 1359F9992EDDAC5400F133E0 /* Build configuration list for PBXNativeTarget "MemoriesTests" */;
			buildPhases = (
				1359F97E2EDDAC5400F133E0 /* Sources */,
				1359F97F2EDDAC5400F133E0 /* Frameworks */,
				1359F9802EDDAC5400F133E0 /* Resources */,
			);
			buildRules = (
			);
			dependencies = (
				1359F9842EDDAC5400F133E0 /* PBXTargetDependency */,
			);
			fileSystemSynchronizedGroups = (
				1359F9852EDDAC5400F133E0 /* MemoriesTests */,
			);
			name = MemoriesTests;
			packageProductDependencies = (
			);
			productName = MemoriesTests;
			productReference = 1359F9822EDDAC5400F133E0 /* MemoriesTests.xctest */;
			productType = "com.apple.product-type.bundle.unit-test";
		};
		1359F98B2EDDAC5400F133E0 /* MemoriesUITests */ = {
			isa = PBXNativeTarget;
			buildConfigurationList = 1359F99C2EDDAC5400F133E0 /* Build configuration list for PBXNativeTarget "MemoriesUITests" */;
			buildPhases = (
				1359F9882EDDAC5400F133E0 /* Sources */,
				1359F9892EDDAC5400F133E0 /* Frameworks */,
				1359F98A2EDDAC5400F133E0 /* Resources */,
			);
			buildRules = (
			);
			dependencies = (
				1359F98E2EDDAC5400F133E0 /* PBXTargetDependency */,
			);
			fileSystemSynchronizedGroups = (
				1359F98F2EDDAC5400F133E0 /* MemoriesUITests */,
			);
			name = MemoriesUITests;
			packageProductDependencies = (
			);
			productName = MemoriesUITests;
			productReference = 1359F98C2EDDAC5400F133E0 /* MemoriesUITests.xctest */;
			productType = "com.apple.product-type.bundle.ui-testing";
		};
/* End PBXNativeTarget section */

/* Begin PBXProject section */
		1359F96D2EDDAC5300F133E0 /* Project object */ = {
			isa = PBXProject;
			attributes = {
				BuildIndependentTargetsInParallel = 1;
				LastSwiftUpdateCheck = 2600;
				LastUpgradeCheck = 2600;
				TargetAttributes = {
					1359F9742EDDAC5300F133E0 = {
						CreatedOnToolsVersion = 26.0.1;
					};
					1359F9812EDDAC5400F133E0 = {
						CreatedOnToolsVersion = 26.0.1;
						TestTargetID = 1359F9742EDDAC5300F133E0;
					};
					1359F98B2EDDAC5400F133E0 = {
						CreatedOnToolsVersion = 26.0.1;
						TestTargetID = 1359F9742EDDAC5300F133E0;
					};
				};
			};
			buildConfigurationList = 1359F9702EDDAC5300F133E0 /* Build configuration list for PBXProject "Memories" */;
			developmentRegion = en;
			hasScannedForEncodings = 0;
			knownRegions = (
				en,
				Base,
			);
			mainGroup = 1359F96C2EDDAC5300F133E0;
			minimizedProjectReferenceProxies = 1;
			packageReferences = (
				1359F9B22EDF889D00F133E0 /* XCRemoteSwiftPackageReference "supabase-swift" */,
			);
			preferredProjectObjectVersion = 77;
			productRefGroup = 1359F9762EDDAC5300F133E0 /* Products */;
			projectDirPath = "";
			projectRoot = "";
			targets = (
				1359F9742EDDAC5300F133E0 /* Memories */,
				1359F9812EDDAC5400F133E0 /* MemoriesTests */,
				1359F98B2EDDAC5400F133E0 /* MemoriesUITests */,
			);
		};
/* End PBXProject section */

/* Begin PBXResourcesBuildPhase section */
		1359F9732EDDAC5300F133E0 /* Resources */ = {
			isa = PBXResourcesBuildPhase;
			buildActionMask = 2147483647;
			files = (
			);
			runOnlyForDeploymentPostprocessing = 0;
		};
		1359F9802EDDAC5400F133E0 /* Resources */ = {
			isa = PBXResourcesBuildPhase;
			buildActionMask = 2147483647;
			files = (
			);
			runOnlyForDeploymentPostprocessing = 0;
		};
		1359F98A2EDDAC5400F133E0 /* Resources */ = {
			isa = PBXResourcesBuildPhase;
			buildActionMask = 2147483647;
			files = (
			);
			runOnlyForDeploymentPostprocessing = 0;
		};
/* End PBXResourcesBuildPhase section */

/* Begin PBXSourcesBuildPhase section */
		1359F9712EDDAC5300F133E0 /* Sources */ = {
			isa = PBXSourcesBuildPhase;
			buildActionMask = 2147483647;
			files = (
			);
			runOnlyForDeploymentPostprocessing = 0;
		};
		1359F97E2EDDAC5400F133E0 /* Sources */ = {
			isa = PBXSourcesBuildPhase;
			buildActionMask = 2147483647;
			files = (
			);
			runOnlyForDeploymentPostprocessing = 0;
		};
		1359F9882EDDAC5400F133E0 /* Sources */ = {
			isa = PBXSourcesBuildPhase;
			buildActionMask = 2147483647;
			files = (
			);
			runOnlyForDeploymentPostprocessing = 0;
		};
/* End PBXSourcesBuildPhase section */

/* Begin PBXTargetDependency section */
		1359F9842EDDAC5400F133E0 /* PBXTargetDependency */ = {
			isa = PBXTargetDependency;
			target = 1359F9742EDDAC5300F133E0 /* Memories */;
			targetProxy = 1359F9832EDDAC5400F133E0 /* PBXContainerItemProxy */;
		};
		1359F98E2EDDAC5400F133E0 /* PBXTargetDependency */ = {
			isa = PBXTargetDependency;
			target = 1359F9742EDDAC5300F133E0 /* Memories */;
			targetProxy = 1359F98D2EDDAC5400F133E0 /* PBXContainerItemProxy */;
		};
/* End PBXTargetDependency section */

/* Begin XCBuildConfiguration section */
		1359F9942EDDAC5400F133E0 /* Debug */ = {
			isa = XCBuildConfiguration;
			buildSettings = {
				ALWAYS_SEARCH_USER_PATHS = NO;
				ASSETCATALOG_COMPILER_GENERATE_SWIFT_ASSET_SYMBOL_EXTENSIONS = YES;
				CLANG_ANALYZER_NONNULL = YES;
				CLANG_ANALYZER_NUMBER_OBJECT_CONVERSION = YES_AGGRESSIVE;
				CLANG_CXX_LANGUAGE_STANDARD = "gnu++20";
				CLANG_ENABLE_MODULES = YES;
				CLANG_ENABLE_OBJC_ARC = YES;
				CLANG_ENABLE_OBJC_WEAK = YES;
				CLANG_WARN_BLOCK_CAPTURE_AUTORELEASING = YES;
				CLANG_WARN_BOOL_CONVERSION = YES;
				CLANG_WARN_COMMA = YES;
				CLANG_WARN_CONSTANT_CONVERSION = YES;
				CLANG_WARN_DEPRECATED_OBJC_IMPLEMENTATIONS = YES;
				CLANG_WARN_DIRECT_OBJC_ISA_USAGE = YES_ERROR;
				CLANG_WARN_DOCUMENTATION_COMMENTS = YES;
				CLANG_WARN_EMPTY_BODY = YES;
				CLANG_WARN_ENUM_CONVERSION = YES;
				CLANG_WARN_INFINITE_RECURSION = YES;
				CLANG_WARN_INT_CONVERSION = YES;
				CLANG_WARN_NON_LITERAL_NULL_CONVERSION = YES;
				CLANG_WARN_OBJC_IMPLICIT_RETAIN_SELF = YES;
				CLANG_WARN_OBJC_LITERAL_CONVERSION = YES;
				CLANG_WARN_OBJC_ROOT_CLASS = YES_ERROR;
				CLANG_WARN_QUOTED_INCLUDE_IN_FRAMEWORK_HEADER = YES;
				CLANG_WARN_RANGE_LOOP_ANALYSIS = YES;
				CLANG_WARN_STRICT_PROTOTYPES = YES;
				CLANG_WARN_SUSPICIOUS_MOVE = YES;
				CLANG_WARN_UNGUARDED_AVAILABILITY = YES_AGGRESSIVE;
				CLANG_WARN_UNREACHABLE_CODE = YES;
				CLANG_WARN__DUPLICATE_METHOD_MATCH = YES;
				COPY_PHASE_STRIP = NO;
				DEBUG_INFORMATION_FORMAT = dwarf;
				DEVELOPMENT_TEAM = DZ5Q67NB9G;
				ENABLE_STRICT_OBJC_MSGSEND = YES;
				ENABLE_TESTABILITY = YES;
				ENABLE_USER_SCRIPT_SANDBOXING = YES;
				GCC_C_LANGUAGE_STANDARD = gnu17;
				GCC_DYNAMIC_NO_PIC = NO;
				GCC_NO_COMMON_BLOCKS = YES;
				GCC_OPTIMIZATION_LEVEL = 0;
				GCC_PREPROCESSOR_DEFINITIONS = (
					"DEBUG=1",
					"$(inherited)",
				);
				GCC_WARN_64_TO_32_BIT_CONVERSION = YES;
				GCC_WARN_ABOUT_RETURN_TYPE = YES_ERROR;
				GCC_WARN_UNDECLARED_SELECTOR = YES;
				GCC_WARN_UNINITIALIZED_AUTOS = YES_AGGRESSIVE;
				GCC_WARN_UNUSED_FUNCTION = YES;
				GCC_WARN_UNUSED_VARIABLE = YES;
				IPHONEOS_DEPLOYMENT_TARGET = 26.0;
				LOCALIZATION_PREFERS_STRING_CATALOGS = YES;
				MTL_ENABLE_DEBUG_INFO = INCLUDE_SOURCE;
				MTL_FAST_MATH = YES;
				ONLY_ACTIVE_ARCH = YES;
				SDKROOT = iphoneos;
				SWIFT_ACTIVE_COMPILATION_CONDITIONS = "DEBUG $(inherited)";
				SWIFT_OPTIMIZATION_LEVEL = "-Onone";
			};
			name = Debug;
		};
		1359F9952EDDAC5400F133E0 /* Release */ = {
			isa = XCBuildConfiguration;
			buildSettings = {
				ALWAYS_SEARCH_USER_PATHS = NO;
				ASSETCATALOG_COMPILER_GENERATE_SWIFT_ASSET_SYMBOL_EXTENSIONS = YES;
				CLANG_ANALYZER_NONNULL = YES;
				CLANG_ANALYZER_NUMBER_OBJECT_CONVERSION = YES_AGGRESSIVE;
				CLANG_CXX_LANGUAGE_STANDARD = "gnu++20";
				CLANG_ENABLE_MODULES = YES;
				CLANG_ENABLE_OBJC_ARC = YES;
				CLANG_ENABLE_OBJC_WEAK = YES;
				CLANG_WARN_BLOCK_CAPTURE_AUTORELEASING = YES;
				CLANG_WARN_BOOL_CONVERSION = YES;
				CLANG_WARN_COMMA = YES;
				CLANG_WARN_CONSTANT_CONVERSION = YES;
				CLANG_WARN_DEPRECATED_OBJC_IMPLEMENTATIONS = YES;
				CLANG_WARN_DIRECT_OBJC_ISA_USAGE = YES_ERROR;
				CLANG_WARN_DOCUMENTATION_COMMENTS = YES;
				CLANG_WARN_EMPTY_BODY = YES;
				CLANG_WARN_ENUM_CONVERSION = YES;
				CLANG_WARN_INFINITE_RECURSION = YES;
				CLANG_WARN_INT_CONVERSION = YES;
				CLANG_WARN_NON_LITERAL_NULL_CONVERSION = YES;
				CLANG_WARN_OBJC_IMPLICIT_RETAIN_SELF = YES;
				CLANG_WARN_OBJC_LITERAL_CONVERSION = YES;
				CLANG_WARN_OBJC_ROOT_CLASS = YES_ERROR;
				CLANG_WARN_QUOTED_INCLUDE_IN_FRAMEWORK_HEADER = YES;
				CLANG_WARN_RANGE_LOOP_ANALYSIS = YES;
				CLANG_WARN_STRICT_PROTOTYPES = YES;
				CLANG_WARN_SUSPICIOUS_MOVE = YES;
				CLANG_WARN_UNGUARDED_AVAILABILITY = YES_AGGRESSIVE;
				CLANG_WARN_UNREACHABLE_CODE = YES;
				CLANG_WARN__DUPLICATE_METHOD_MATCH = YES;
				COPY_PHASE_STRIP = NO;
				DEBUG_INFORMATION_FORMAT = "dwarf-with-dsym";
				DEVELOPMENT_TEAM = DZ5Q67NB9G;
				ENABLE_NS_ASSERTIONS = NO;
				ENABLE_STRICT_OBJC_MSGSEND = YES;
				ENABLE_USER_SCRIPT_SANDBOXING = YES;
				GCC_C_LANGUAGE_STANDARD = gnu17;
				GCC_NO_COMMON_BLOCKS = YES;
				GCC_WARN_64_TO_32_BIT_CONVERSION = YES;
				GCC_WARN_ABOUT_RETURN_TYPE = YES_ERROR;
				GCC_WARN_UNDECLARED_SELECTOR = YES;
				GCC_WARN_UNINITIALIZED_AUTOS = YES_AGGRESSIVE;
				GCC_WARN_UNUSED_FUNCTION = YES;
				GCC_WARN_UNUSED_VARIABLE = YES;
				IPHONEOS_DEPLOYMENT_TARGET = 26.0;
				LOCALIZATION_PREFERS_STRING_CATALOGS = YES;
				MTL_ENABLE_DEBUG_INFO = NO;
				MTL_FAST_MATH = YES;
				SDKROOT = iphoneos;
				SWIFT_COMPILATION_MODE = wholemodule;
				VALIDATE_PRODUCT = YES;
			};
			name = Release;
		};
		1359F9972EDDAC5400F133E0 /* Debug */ = {
			isa = XCBuildConfiguration;
			buildSettings = {
				ASSETCATALOG_COMPILER_APPICON_NAME = AppIcon;
				ASSETCATALOG_COMPILER_GLOBAL_ACCENT_COLOR_NAME = AccentColor;
				CODE_SIGN_ENTITLEMENTS = Memories/Memories.entitlements;
				CODE_SIGN_STYLE = Automatic;
				CURRENT_PROJECT_VERSION = 1;
				DEVELOPMENT_TEAM = DZ5Q67NB9G;
				ENABLE_PREVIEWS = YES;
				GENERATE_INFOPLIST_FILE = YES;
				INFOPLIST_KEY_UIApplicationSceneManifest_Generation = YES;
				INFOPLIST_KEY_UIApplicationSupportsIndirectInputEvents = YES;
				INFOPLIST_KEY_UILaunchScreen_Generation = YES;
				INFOPLIST_KEY_UISupportedInterfaceOrientations_iPad = "UIInterfaceOrientationPortrait UIInterfaceOrientationPortraitUpsideDown UIInterfaceOrientationLandscapeLeft UIInterfaceOrientationLandscapeRight";
				INFOPLIST_KEY_UISupportedInterfaceOrientations_iPhone = "UIInterfaceOrientationPortrait UIInterfaceOrientationLandscapeLeft UIInterfaceOrientationLandscapeRight";
				LD_RUNPATH_SEARCH_PATHS = (
					"$(inherited)",
					"@executable_path/Frameworks",
				);
				MARKETING_VERSION = 1.0;
				PRODUCT_BUNDLE_IDENTIFIER = com.FrancescoAlbano.Memories;
				PRODUCT_NAME = "$(TARGET_NAME)";
				STRING_CATALOG_GENERATE_SYMBOLS = YES;
				SWIFT_APPROACHABLE_CONCURRENCY = YES;
				SWIFT_DEFAULT_ACTOR_ISOLATION = MainActor;
				SWIFT_EMIT_LOC_STRINGS = YES;
				SWIFT_UPCOMING_FEATURE_MEMBER_IMPORT_VISIBILITY = YES;
				SWIFT_VERSION = 5.0;
				TARGETED_DEVICE_FAMILY = "1,2";
			};
			name = Debug;
		};
		1359F9982EDDAC5400F133E0 /* Release */ = {
			isa = XCBuildConfiguration;
			buildSettings = {
				ASSETCATALOG_COMPILER_APPICON_NAME = AppIcon;
				ASSETCATALOG_COMPILER_GLOBAL_ACCENT_COLOR_NAME = AccentColor;
				CODE_SIGN_ENTITLEMENTS = Memories/Memories.entitlements;
				CODE_SIGN_STYLE = Automatic;
				CURRENT_PROJECT_VERSION = 1;
				DEVELOPMENT_TEAM = DZ5Q67NB9G;
				ENABLE_PREVIEWS = YES;
				GENERATE_INFOPLIST_FILE = YES;
				INFOPLIST_KEY_UIApplicationSceneManifest_Generation = YES;
				INFOPLIST_KEY_UIApplicationSupportsIndirectInputEvents = YES;
				INFOPLIST_KEY_UILaunchScreen_Generation = YES;
				INFOPLIST_KEY_UISupportedInterfaceOrientations_iPad = "UIInterfaceOrientationPortrait UIInterfaceOrientationPortraitUpsideDown UIInterfaceOrientationLandscapeLeft UIInterfaceOrientationLandscapeRight";
				INFOPLIST_KEY_UISupportedInterfaceOrientations_iPhone = "UIInterfaceOrientationPortrait UIInterfaceOrientationLandscapeLeft UIInterfaceOrientationLandscapeRight";
				LD_RUNPATH_SEARCH_PATHS = (
					"$(inherited)",
					"@executable_path/Frameworks",
				);
				MARKETING_VERSION = 1.0;
				PRODUCT_BUNDLE_IDENTIFIER = com.FrancescoAlbano.Memories;
				PRODUCT_NAME = "$(TARGET_NAME)";
				STRING_CATALOG_GENERATE_SYMBOLS = YES;
				SWIFT_APPROACHABLE_CONCURRENCY = YES;
				SWIFT_DEFAULT_ACTOR_ISOLATION = MainActor;
				SWIFT_EMIT_LOC_STRINGS = YES;
				SWIFT_UPCOMING_FEATURE_MEMBER_IMPORT_VISIBILITY = YES;
				SWIFT_VERSION = 5.0;
				TARGETED_DEVICE_FAMILY = "1,2";
			};
			name = Release;
		};
		1359F99A2EDDAC5400F133E0 /* Debug */ = {
			isa = XCBuildConfiguration;
			buildSettings = {
				BUNDLE_LOADER = "$(TEST_HOST)";
				CODE_SIGN_STYLE = Automatic;
				CURRENT_PROJECT_VERSION = 1;
				DEVELOPMENT_TEAM = DZ5Q67NB9G;
				GENERATE_INFOPLIST_FILE = YES;
				IPHONEOS_DEPLOYMENT_TARGET = 26.0;
				MARKETING_VERSION = 1.0;
				PRODUCT_BUNDLE_IDENTIFIER = com.FrancescoAlbano.MemoriesTests;
				PRODUCT_NAME = "$(TARGET_NAME)";
				STRING_CATALOG_GENERATE_SYMBOLS = NO;
				SWIFT_APPROACHABLE_CONCURRENCY = YES;
				SWIFT_EMIT_LOC_STRINGS = NO;
				SWIFT_UPCOMING_FEATURE_MEMBER_IMPORT_VISIBILITY = YES;
				SWIFT_VERSION = 5.0;
				TARGETED_DEVICE_FAMILY = "1,2";
				TEST_HOST = "$(BUILT_PRODUCTS_DIR)/Memories.app/$(BUNDLE_EXECUTABLE_FOLDER_PATH)/Memories";
			};
			name = Debug;
		};
		1359F99B2EDDAC5400F133E0 /* Release */ = {
			isa = XCBuildConfiguration;
			buildSettings = {
				BUNDLE_LOADER = "$(TEST_HOST)";
				CODE_SIGN_STYLE = Automatic;
				CURRENT_PROJECT_VERSION = 1;
				DEVELOPMENT_TEAM = DZ5Q67NB9G;
				GENERATE_INFOPLIST_FILE = YES;
				IPHONEOS_DEPLOYMENT_TARGET = 26.0;
				MARKETING_VERSION = 1.0;
				PRODUCT_BUNDLE_IDENTIFIER = com.FrancescoAlbano.MemoriesTests;
				PRODUCT_NAME = "$(TARGET_NAME)";
				STRING_CATALOG_GENERATE_SYMBOLS = NO;
				SWIFT_APPROACHABLE_CONCURRENCY = YES;
				SWIFT_EMIT_LOC_STRINGS = NO;
				SWIFT_UPCOMING_FEATURE_MEMBER_IMPORT_VISIBILITY = YES;
				SWIFT_VERSION = 5.0;
				TARGETED_DEVICE_FAMILY = "1,2";
				TEST_HOST = "$(BUILT_PRODUCTS_DIR)/Memories.app/$(BUNDLE_EXECUTABLE_FOLDER_PATH)/Memories";
			};
			name = Release;
		};
		1359F99D2EDDAC5400F133E0 /* Debug */ = {
			isa = XCBuildConfiguration;
			buildSettings = {
				CODE_SIGN_STYLE = Automatic;
				CURRENT_PROJECT_VERSION = 1;
				DEVELOPMENT_TEAM = DZ5Q67NB9G;
				GENERATE_INFOPLIST_FILE = YES;
				MARKETING_VERSION = 1.0;
				PRODUCT_BUNDLE_IDENTIFIER = com.FrancescoAlbano.MemoriesUITests;
				PRODUCT_NAME = "$(TARGET_NAME)";
				STRING_CATALOG_GENERATE_SYMBOLS = NO;
				SWIFT_APPROACHABLE_CONCURRENCY = YES;
				SWIFT_EMIT_LOC_STRINGS = NO;
				SWIFT_UPCOMING_FEATURE_MEMBER_IMPORT_VISIBILITY = YES;
				SWIFT_VERSION = 5.0;
				TARGETED_DEVICE_FAMILY = "1,2";
				TEST_TARGET_NAME = Memories;
			};
			name = Debug;
		};
		1359F99E2EDDAC5400F133E0 /* Release */ = {
			isa = XCBuildConfiguration;
			buildSettings = {
				CODE_SIGN_STYLE = Automatic;
				CURRENT_PROJECT_VERSION = 1;
				DEVELOPMENT_TEAM = DZ5Q67NB9G;
				GENERATE_INFOPLIST_FILE = YES;
				MARKETING_VERSION = 1.0;
				PRODUCT_BUNDLE_IDENTIFIER = com.FrancescoAlbano.MemoriesUITests;
				PRODUCT_NAME = "$(TARGET_NAME)";
				STRING_CATALOG_GENERATE_SYMBOLS = NO;
				SWIFT_APPROACHABLE_CONCURRENCY = YES;
				SWIFT_EMIT_LOC_STRINGS = NO;
				SWIFT_UPCOMING_FEATURE_MEMBER_IMPORT_VISIBILITY = YES;
				SWIFT_VERSION = 5.0;
				TARGETED_DEVICE_FAMILY = "1,2";
				TEST_TARGET_NAME = Memories;
			};
			name = Release;
		};
/* End XCBuildConfiguration section */

/* Begin XCConfigurationList section */
		1359F9702EDDAC5300F133E0 /* Build configuration list for PBXProject "Memories" */ = {
			isa = XCConfigurationList;
			buildConfigurations = (
				1359F9942EDDAC5400F133E0 /* Debug */,
				1359F9952EDDAC5400F133E0 /* Release */,
			);
			defaultConfigurationIsVisible = 0;
			defaultConfigurationName = Release;
		};
		1359F9962EDDAC5400F133E0 /* Build configuration list for PBXNativeTarget "Memories" */ = {
			isa = XCConfigurationList;
			buildConfigurations = (
				1359F9972EDDAC5400F133E0 /* Debug */,
				1359F9982EDDAC5400F133E0 /* Release */,
			);
			defaultConfigurationIsVisible = 0;
			defaultConfigurationName = Release;
		};
		1359F9992EDDAC5400F133E0 /* Build configuration list for PBXNativeTarget "MemoriesTests" */ = {
			isa = XCConfigurationList;
			buildConfigurations = (
				1359F99A2EDDAC5400F133E0 /* Debug */,
				1359F99B2EDDAC5400F133E0 /* Release */,
			);
			defaultConfigurationIsVisible = 0;
			defaultConfigurationName = Release;
		};
		1359F99C2EDDAC5400F133E0 /* Build configuration list for PBXNativeTarget "MemoriesUITests" */ = {
			isa = XCConfigurationList;
			buildConfigurations = (
				1359F99D2EDDAC5400F133E0 /* Debug */,
				1359F99E2EDDAC5400F133E0 /* Release */,
			);
			defaultConfigurationIsVisible = 0;
			defaultConfigurationName = Release;
		};
/* End XCConfigurationList section */

/* Begin XCRemoteSwiftPackageReference section */
		1359F9B22EDF889D00F133E0 /* XCRemoteSwiftPackageReference "supabase-swift" */ = {
			isa = XCRemoteSwiftPackageReference;
			repositoryURL = "https://github.com/supabase/supabase-swift";
			requirement = {
				kind = upToNextMajorVersion;
				minimumVersion = 2.5.1;
			};
		};
/* End XCRemoteSwiftPackageReference section */

/* Begin XCSwiftPackageProductDependency section */
		1359F9C82EDF8A4300F133E0 /* Auth */ = {
			isa = XCSwiftPackageProductDependency;
			package = 1359F9B22EDF889D00F133E0 /* XCRemoteSwiftPackageReference "supabase-swift" */;
			productName = Auth;
		};
		1359F9CA2EDF8A4300F133E0 /* Functions */ = {
			isa = XCSwiftPackageProductDependency;
			package = 1359F9B22EDF889D00F133E0 /* XCRemoteSwiftPackageReference "supabase-swift" */;
			productName = Functions;
		};
		1359F9CC2EDF8A4300F133E0 /* PostgREST */ = {
			isa = XCSwiftPackageProductDependency;
			package = 1359F9B22EDF889D00F133E0 /* XCRemoteSwiftPackageReference "supabase-swift" */;
			productName = PostgREST;
		};
		1359F9CE2EDF8A4300F133E0 /* Realtime */ = {
			isa = XCSwiftPackageProductDependency;
			package = 1359F9B22EDF889D00F133E0 /* XCRemoteSwiftPackageReference "supabase-swift" */;
			productName = Realtime;
		};
		1359F9D02EDF8A4300F133E0 /* Storage */ = {
			isa = XCSwiftPackageProductDependency;
			package = 1359F9B22EDF889D00F133E0 /* XCRemoteSwiftPackageReference "supabase-swift" */;
			productName = Storage;
		};
		1359F9D22EDF8A4300F133E0 /* Supabase */ = {
			isa = XCSwiftPackageProductDependency;
			package = 1359F9B22EDF889D00F133E0 /* XCRemoteSwiftPackageReference "supabase-swift" */;
			productName = Supabase;
		};
/* End XCSwiftPackageProductDependency section */
	};
	rootObject = 1359F96D2EDDAC5300F133E0 /* Project object */;
}
